
Microsoft Visual Studio Solution File, Format Version 12.00
# Visual Studio Version 17
VisualStudioVersion = 17.5.002.0
MinimumVisualStudioVersion = 10.0.40219.1
Project("{9A19103F-16F7-4668-BE54-9A1E7A4F7556}") = "2", "2.csproj", "{29FF187C-A102-4643-BA4B-C4B821FACA7E}"
EndProject
Global
	GlobalSection(SolutionConfigurationPlatforms) = preSolution
		Debug|Any CPU = Debug|Any CPU
		Release|Any CPU = Release|Any CPU
	EndGlobalSection
	GlobalSection(ProjectConfigurationPlatforms) = postSolution
		{29FF187C-A102-4643-BA4B-C4B821FACA7E}.Debug|Any CPU.ActiveCfg = Debug|Any CPU
		{29FF187C-A102-4643-BA4B-C4B821FACA7E}.Debug|Any CPU.Build.0 = Debug|Any CPU
		{29FF187C-A102-4643-BA4B-C4B821FACA7E}.Release|Any CPU.ActiveCfg = Release|Any CPU
		{29FF187C-A102-4643-BA4B-C4B821FACA7E}.Release|Any CPU.Build.0 = Release|Any CPU
	EndGlobalSection
	GlobalSection(SolutionProperties) = preSolution
		HideSolutionNode = FALSE
	EndGlobalSection
	GlobalSection(ExtensibilityGlobals) = postSolution
		SolutionGuid = {7DCD14B0-7887-49CC-9551-21F17D357551}
	EndGlobalSection
EndGlobal
